
Microsoft Visual Studio Solution File, Format Version 12.00
# Visual Studio Version 17
VisualStudioVersion = 17.0.31903.59
MinimumVisualStudioVersion = 10.0.40219.1
Project("{FAE04EC0-301F-11D3-BF4B-00C04F79EFBC}") = "Lab4", "Lab4\Lab4.csproj", "{9F91BCFC-3BDE-434B-9739-403D3F25D007}"
EndProject
Global
	GlobalSection(SolutionConfigurationPlatforms) = preSolution
		Debug|Any CPU = Debug|Any CPU
		Release|Any CPU = Release|Any CPU
	EndGlobalSection
	GlobalSection(ProjectConfigurationPlatforms) = postSolution
		{9F91BCFC-3BDE-434B-9739-403D3F25D007}.Debug|Any CPU.ActiveCfg = Debug|Any CPU
		{9F91BCFC-3BDE-434B-9739-403D3F25D007}.Debug|Any CPU.Build.0 = Debug|Any CPU
		{9F91BCFC-3BDE-434B-9739-403D3F25D007}.Release|Any CPU.ActiveCfg = Release|Any CPU
		{9F91BCFC-3BDE-434B-9739-403D3F25D007}.Release|Any CPU.Build.0 = Release|Any CPU
	EndGlobalSection
	GlobalSection(SolutionProperties) = preSolution
		HideSolutionNode = FALSE
	EndGlobalSection
	GlobalSection(ExtensibilityGlobals) = postSolution
		SolutionGuid = {B6EB149C-5B1F-432C-AC34-1157BB58824B}
	EndGlobalSection
EndGlobal
